// !$*UTF8*$!
{
	archiveVersion = 1;
	classes = {
	};
	objectVersion = 77;
	objects = {

/* Begin PBXBuildFile section */
		C35D5C802D2D2596007905C9 /* LaunchScreen.storyboard in Resources */ = {isa = PBXBuildFile; fileRef = C35D5C7F2D2D2595007905C9 /* LaunchScreen.storyboard */; };
		C35D5C822D2D29C5007905C9 /* TestPlan.xctestplan in Resources */ = {isa = PBXBuildFile; fileRef = C35D5C812D2D29C5007905C9 /* TestPlan.xctestplan */; };
/* End PBXBuildFile section */

/* Begin PBXContainerItemProxy section */
		C35D5C632D2D1DE9007905C9 /* PBXContainerItemProxy */ = {
			isa = PBXContainerItemProxy;
			containerPortal = C35D5C4A2D2D1DE8007905C9 /* Project object */;
			proxyType = 1;
			remoteGlobalIDString = C35D5C512D2D1DE8007905C9;
			remoteInfo = SoloCastApp;
		};
		C35D5C6D2D2D1DE9007905C9 /* PBXContainerItemProxy */ = {
			isa = PBXContainerItemProxy;
			containerPortal = C35D5C4A2D2D1DE8007905C9 /* Project object */;
			proxyType = 1;
			remoteGlobalIDString = C35D5C512D2D1DE8007905C9;
			remoteInfo = SoloCastApp;
		};
/* End PBXContainerItemProxy section */

/* Begin PBXFileReference section */
		C35D5C522D2D1DE8007905C9 /* SoloCastApp.app */ = {isa = PBXFileReference; explicitFileType = wrapper.application; includeInIndex = 0; path = SoloCastApp.app; sourceTree = BUILT_PRODUCTS_DIR; };
		C35D5C622D2D1DE9007905C9 /* SoloCastAppTests.xctest */ = {isa = PBXFileReference; explicitFileType = wrapper.cfbundle; includeInIndex = 0; path = SoloCastAppTests.xctest; sourceTree = BUILT_PRODUCTS_DIR; };
		C35D5C6C2D2D1DE9007905C9 /* SoloCastAppUITests.xctest */ = {isa = PBXFileReference; explicitFileType = wrapper.cfbundle; includeInIndex = 0; path = SoloCastAppUITests.xctest; sourceTree = BUILT_PRODUCTS_DIR; };
		C35D5C7F2D2D2595007905C9 /* LaunchScreen.storyboard */ = {isa = PBXFileReference; lastKnownFileType = file.storyboard; path = LaunchScreen.storyboard; sourceTree = "<group>"; };
		C35D5C812D2D29C5007905C9 /* TestPlan.xctestplan */ = {isa = PBXFileReference; lastKnownFileType = text; path = TestPlan.xctestplan; sourceTree = "<group>"; };
/* End PBXFileReference section */

/* Begin PBXFileSystemSynchronizedRootGroup section */
		C35D5C542D2D1DE8007905C9 /* SoloCastApp */ = {
			isa = PBXFileSystemSynchronizedRootGroup;
			path = SoloCastApp;
			sourceTree = "<group>";
		};
		C35D5C652D2D1DE9007905C9 /* SoloCastAppTests */ = {
			isa = PBXFileSystemSynchronizedRootGroup;
			path = SoloCastAppTests;
			sourceTree = "<group>";
		};
		C35D5C6F2D2D1DE9007905C9 /* SoloCastAppUITests */ = {
			isa = PBXFileSystemSynchronizedRootGroup;
			path = SoloCastAppUITests;
			sourceTree = "<group>";
		};
/* End PBXFileSystemSynchronizedRootGroup section */

/* Begin PBXFrameworksBuildPhase section */
		C35D5C4F2D2D1DE8007905C9 /* Frameworks */ = {
			isa = PBXFrameworksBuildPhase;
			buildActionMask = 2147483647;
			files = (
			);
			runOnlyForDeploymentPostprocessing = 0;
		};
		C35D5C5F2D2D1DE9007905C9 /* Frameworks */ = {
			isa = PBXFrameworksBuildPhase;
			buildActionMask = 2147483647;
			files = (
			);
			runOnlyForDeploymentPostprocessing = 0;
		};
		C35D5C692D2D1DE9007905C9 /* Frameworks */ = {
			isa = PBXFrameworksBuildPhase;
			buildActionMask = 2147483647;
			files = (
			);
			runOnlyForDeploymentPostprocessing = 0;
		};
/* End PBXFrameworksBuildPhase section */

/* Begin PBXGroup section */
		C35D5C492D2D1DE8007905C9 = {
			isa = PBXGroup;
			children = (
				C35D5C812D2D29C5007905C9 /* TestPlan.xctestplan */,
				C35D5C542D2D1DE8007905C9 /* SoloCastApp */,
				C35D5C652D2D1DE9007905C9 /* SoloCastAppTests */,
				C35D5C6F2D2D1DE9007905C9 /* SoloCastAppUITests */,
				C35D5C532D2D1DE8007905C9 /* Products */,
				C35D5C7F2D2D2595007905C9 /* LaunchScreen.storyboard */,
			);
			sourceTree = "<group>";
		};
		C35D5C532D2D1DE8007905C9 /* Products */ = {
			isa = PBXGroup;
			children = (
				C35D5C522D2D1DE8007905C9 /* SoloCastApp.app */,
				C35D5C622D2D1DE9007905C9 /* SoloCastAppTests.xctest */,
				C35D5C6C2D2D1DE9007905C9 /* SoloCastAppUITests.xctest */,
			);
			name = Products;
			sourceTree = "<group>";
		};
/* End PBXGroup section */

/* Begin PBXNativeTarget section */
		C35D5C512D2D1DE8007905C9 /* SoloCastApp */ = {
			isa = PBXNativeTarget;
			buildConfigurationList = C35D5C762D2D1DE9007905C9 /* Build configuration list for PBXNativeTarget "SoloCastApp" */;
			buildPhases = (
				C35D5C4E2D2D1DE8007905C9 /* Sources */,
				C35D5C4F2D2D1DE8007905C9 /* Frameworks */,
				C35D5C502D2D1DE8007905C9 /* Resources */,
			);
			buildRules = (
			);
			dependencies = (
			);
			fileSystemSynchronizedGroups = (
				C35D5C542D2D1DE8007905C9 /* SoloCastApp */,
			);
			name = SoloCastApp;
			packageProductDependencies = (
			);
			productName = SoloCastApp;
			productReference = C35D5C522D2D1DE8007905C9 /* SoloCastApp.app */;
			productType = "com.apple.product-type.application";
		};
		C35D5C612D2D1DE9007905C9 /* SoloCastAppTests */ = {
			isa = PBXNativeTarget;
			buildConfigurationList = C35D5C792D2D1DE9007905C9 /* Build configuration list for PBXNativeTarget "SoloCastAppTests" */;
			buildPhases = (
				C35D5C5E2D2D1DE9007905C9 /* Sources */,
				C35D5C5F2D2D1DE9007905C9 /* Frameworks */,
				C35D5C602D2D1DE9007905C9 /* Resources */,
			);
			buildRules = (
			);
			dependencies = (
				C35D5C642D2D1DE9007905C9 /* PBXTargetDependency */,
			);
			fileSystemSynchronizedGroups = (
				C35D5C652D2D1DE9007905C9 /* SoloCastAppTests */,
			);
			name = SoloCastAppTests;
			packageProductDependencies = (
			);
			productName = SoloCastAppTests;
			productReference = C35D5C622D2D1DE9007905C9 /* SoloCastAppTests.xctest */;
			productType = "com.apple.product-type.bundle.unit-test";
		};
		C35D5C6B2D2D1DE9007905C9 /* SoloCastAppUITests */ = {
			isa = PBXNativeTarget;
			buildConfigurationList = C35D5C7C2D2D1DE9007905C9 /* Build configuration list for PBXNativeTarget "SoloCastAppUITests" */;
			buildPhases = (
				C35D5C682D2D1DE9007905C9 /* Sources */,
				C35D5C692D2D1DE9007905C9 /* Frameworks */,
				C35D5C6A2D2D1DE9007905C9 /* Resources */,
			);
			buildRules = (
			);
			dependencies = (
				C35D5C6E2D2D1DE9007905C9 /* PBXTargetDependency */,
			);
			fileSystemSynchronizedGroups = (
				C35D5C6F2D2D1DE9007905C9 /* SoloCastAppUITests */,
			);
			name = SoloCastAppUITests;
			packageProductDependencies = (
			);
			productName = SoloCastAppUITests;
			productReference = C35D5C6C2D2D1DE9007905C9 /* SoloCastAppUITests.xctest */;
			productType = "com.apple.product-type.bundle.ui-testing";
		};
/* End PBXNativeTarget section */

/* Begin PBXProject section */
		C35D5C4A2D2D1DE8007905C9 /* Project object */ = {
			isa = PBXProject;
			attributes = {
				BuildIndependentTargetsInParallel = 1;
				LastSwiftUpdateCheck = 1620;
				LastUpgradeCheck = 1620;
				TargetAttributes = {
					C35D5C512D2D1DE8007905C9 = {
						CreatedOnToolsVersion = 16.2;
					};
					C35D5C612D2D1DE9007905C9 = {
						CreatedOnToolsVersion = 16.2;
						TestTargetID = C35D5C512D2D1DE8007905C9;
					};
					C35D5C6B2D2D1DE9007905C9 = {
						CreatedOnToolsVersion = 16.2;
						TestTargetID = C35D5C512D2D1DE8007905C9;
					};
				};
			};
			buildConfigurationList = C35D5C4D2D2D1DE8007905C9 /* Build configuration list for PBXProject "SoloCastApp" */;
			developmentRegion = en;
			hasScannedForEncodings = 0;
			knownRegions = (
				en,
				Base,
			);
			mainGroup = C35D5C492D2D1DE8007905C9;
			minimizedProjectReferenceProxies = 1;
			preferredProjectObjectVersion = 77;
			productRefGroup = C35D5C532D2D1DE8007905C9 /* Products */;
			projectDirPath = "";
			projectRoot = "";
			targets = (
				C35D5C512D2D1DE8007905C9 /* SoloCastApp */,
				C35D5C612D2D1DE9007905C9 /* SoloCastAppTests */,
				C35D5C6B2D2D1DE9007905C9 /* SoloCastAppUITests */,
			);
		};
/* End PBXProject section */

/* Begin PBXResourcesBuildPhase section */
		C35D5C502D2D1DE8007905C9 /* Resources */ = {
			isa = PBXResourcesBuildPhase;
			buildActionMask = 2147483647;
			files = (
			);
			runOnlyForDeploymentPostprocessing = 0;
		};
		C35D5C602D2D1DE9007905C9 /* Resources */ = {
			isa = PBXResourcesBuildPhase;
			buildActionMask = 2147483647;
			files = (
			);
			runOnlyForDeploymentPostprocessing = 0;
		};
		C35D5C6A2D2D1DE9007905C9 /* Resources */ = {
			isa = PBXResourcesBuildPhase;
			buildActionMask = 2147483647;
			files = (
				C35D5C822D2D29C5007905C9 /* TestPlan.xctestplan in Resources */,
				C35D5C802D2D2596007905C9 /* LaunchScreen.storyboard in Resources */,
			);
			runOnlyForDeploymentPostprocessing = 0;
		};
/* End PBXResourcesBuildPhase section */

/* Begin PBXSourcesBuildPhase section */
		C35D5C4E2D2D1DE8007905C9 /* Sources */ = {
			isa = PBXSourcesBuildPhase;
			buildActionMask = 2147483647;
			files = (
			);
			runOnlyForDeploymentPostprocessing = 0;
		};
		C35D5C5E2D2D1DE9007905C9 /* Sources */ = {
			isa = PBXSourcesBuildPhase;
			buildActionMask = 2147483647;
			files = (
			);
			runOnlyForDeploymentPostprocessing = 0;
		};
		C35D5C682D2D1DE9007905C9 /* Sources */ = {
			isa = PBXSourcesBuildPhase;
			buildActionMask = 2147483647;
			files = (
			);
			runOnlyForDeploymentPostprocessing = 0;
		};
/* End PBXSourcesBuildPhase section */

/* Begin PBXTargetDependency section */
		C35D5C642D2D1DE9007905C9 /* PBXTargetDependency */ = {
			isa = PBXTargetDependency;
			target = C35D5C512D2D1DE8007905C9 /* SoloCastApp */;
			targetProxy = C35D5C632D2D1DE9007905C9 /* PBXContainerItemProxy */;
		};
		C35D5C6E2D2D1DE9007905C9 /* PBXTargetDependency */ = {
			isa = PBXTargetDependency;
			target = C35D5C512D2D1DE8007905C9 /* SoloCastApp */;
			targetProxy = C35D5C6D2D2D1DE9007905C9 /* PBXContainerItemProxy */;
		};
/* End PBXTargetDependency section */

/* Begin XCBuildConfiguration section */
		C35D5C742D2D1DE9007905C9 /* Debug */ = {
			isa = XCBuildConfiguration;
			buildSettings = {
				ALWAYS_SEARCH_USER_PATHS = NO;
				ASSETCATALOG_COMPILER_GENERATE_SWIFT_ASSET_SYMBOL_EXTENSIONS = YES;
				CLANG_ANALYZER_NONNULL = YES;
				CLANG_ANALYZER_NUMBER_OBJECT_CONVERSION = YES_AGGRESSIVE;
				CLANG_CXX_LANGUAGE_STANDARD = "gnu++20";
				CLANG_ENABLE_MODULES = YES;
				CLANG_ENABLE_OBJC_ARC = YES;
				CLANG_ENABLE_OBJC_WEAK = YES;
				CLANG_WARN_BLOCK_CAPTURE_AUTORELEASING = YES;
				CLANG_WARN_BOOL_CONVERSION = YES;
				CLANG_WARN_COMMA = YES;
				CLANG_WARN_CONSTANT_CONVERSION = YES;
				CLANG_WARN_DEPRECATED_OBJC_IMPLEMENTATIONS = YES;
				CLANG_WARN_DIRECT_OBJC_ISA_USAGE = YES_ERROR;
				CLANG_WARN_DOCUMENTATION_COMMENTS = YES;
				CLANG_WARN_EMPTY_BODY = YES;
				CLANG_WARN_ENUM_CONVERSION = YES;
				CLANG_WARN_INFINITE_RECURSION = YES;
				CLANG_WARN_INT_CONVERSION = YES;
				CLANG_WARN_NON_LITERAL_NULL_CONVERSION = YES;
				CLANG_WARN_OBJC_IMPLICIT_RETAIN_SELF = YES;
				CLANG_WARN_OBJC_LITERAL_CONVERSION = YES;
				CLANG_WARN_OBJC_ROOT_CLASS = YES_ERROR;
				CLANG_WARN_QUOTED_INCLUDE_IN_FRAMEWORK_HEADER = YES;
				CLANG_WARN_RANGE_LOOP_ANALYSIS = YES;
				CLANG_WARN_STRICT_PROTOTYPES = YES;
				CLANG_WARN_SUSPICIOUS_MOVE = YES;
				CLANG_WARN_UNGUARDED_AVAILABILITY = YES_AGGRESSIVE;
				CLANG_WARN_UNREACHABLE_CODE = YES;
				CLANG_WARN__DUPLICATE_METHOD_MATCH = YES;
				COPY_PHASE_STRIP = NO;
				DEBUG_INFORMATION_FORMAT = dwarf;
				ENABLE_STRICT_OBJC_MSGSEND = YES;
				ENABLE_TESTABILITY = YES;
				ENABLE_USER_SCRIPT_SANDBOXING = YES;
				GCC_C_LANGUAGE_STANDARD = gnu17;
				GCC_DYNAMIC_NO_PIC = NO;
				GCC_NO_COMMON_BLOCKS = YES;
				GCC_OPTIMIZATION_LEVEL = 0;
				GCC_PREPROCESSOR_DEFINITIONS = (
					"DEBUG=1",
					"$(inherited)",
				);
				GCC_WARN_64_TO_32_BIT_CONVERSION = YES;
				GCC_WARN_ABOUT_RETURN_TYPE = YES_ERROR;
				GCC_WARN_UNDECLARED_SELECTOR = YES;
				GCC_WARN_UNINITIALIZED_AUTOS = YES_AGGRESSIVE;
				GCC_WARN_UNUSED_FUNCTION = YES;
				GCC_WARN_UNUSED_VARIABLE = YES;
				IPHONEOS_DEPLOYMENT_TARGET = 18.2;
				LOCALIZATION_PREFERS_STRING_CATALOGS = YES;
				MTL_ENABLE_DEBUG_INFO = INCLUDE_SOURCE;
				MTL_FAST_MATH = YES;
				ONLY_ACTIVE_ARCH = YES;
				SDKROOT = iphoneos;
				SWIFT_ACTIVE_COMPILATION_CONDITIONS = "DEBUG $(inherited)";
				SWIFT_OPTIMIZATION_LEVEL = "-Onone";
			};
			name = Debug;
		};
		C35D5C752D2D1DE9007905C9 /* Release */ = {
			isa = XCBuildConfiguration;
			buildSettings = {
				ALWAYS_SEARCH_USER_PATHS = NO;
				ASSETCATALOG_COMPILER_GENERATE_SWIFT_ASSET_SYMBOL_EXTENSIONS = YES;
				CLANG_ANALYZER_NONNULL = YES;
				CLANG_ANALYZER_NUMBER_OBJECT_CONVERSION = YES_AGGRESSIVE;
				CLANG_CXX_LANGUAGE_STANDARD = "gnu++20";
				CLANG_ENABLE_MODULES = YES;
				CLANG_ENABLE_OBJC_ARC = YES;
				CLANG_ENABLE_OBJC_WEAK = YES;
				CLANG_WARN_BLOCK_CAPTURE_AUTORELEASING = YES;
				CLANG_WARN_BOOL_CONVERSION = YES;
				CLANG_WARN_COMMA = YES;
				CLANG_WARN_CONSTANT_CONVERSION = YES;
				CLANG_WARN_DEPRECATED_OBJC_IMPLEMENTATIONS = YES;
				CLANG_WARN_DIRECT_OBJC_ISA_USAGE = YES_ERROR;
				CLANG_WARN_DOCUMENTATION_COMMENTS = YES;
				CLANG_WARN_EMPTY_BODY = YES;
				CLANG_WARN_ENUM_CONVERSION = YES;
				CLANG_WARN_INFINITE_RECURSION = YES;
				CLANG_WARN_INT_CONVERSION = YES;
				CLANG_WARN_NON_LITERAL_NULL_CONVERSION = YES;
				CLANG_WARN_OBJC_IMPLICIT_RETAIN_SELF = YES;
				CLANG_WARN_OBJC_LITERAL_CONVERSION = YES;
				CLANG_WARN_OBJC_ROOT_CLASS = YES_ERROR;
				CLANG_WARN_QUOTED_INCLUDE_IN_FRAMEWORK_HEADER = YES;
				CLANG_WARN_RANGE_LOOP_ANALYSIS = YES;
				CLANG_WARN_STRICT_PROTOTYPES = YES;
				CLANG_WARN_SUSPICIOUS_MOVE = YES;
				CLANG_WARN_UNGUARDED_AVAILABILITY = YES_AGGRESSIVE;
				CLANG_WARN_UNREACHABLE_CODE = YES;
				CLANG_WARN__DUPLICATE_METHOD_MATCH = YES;
				COPY_PHASE_STRIP = NO;
				DEBUG_INFORMATION_FORMAT = "dwarf-with-dsym";
				ENABLE_NS_ASSERTIONS = NO;
				ENABLE_STRICT_OBJC_MSGSEND = YES;
				ENABLE_USER_SCRIPT_SANDBOXING = YES;
				GCC_C_LANGUAGE_STANDARD = gnu17;
				GCC_NO_COMMON_BLOCKS = YES;
				GCC_WARN_64_TO_32_BIT_CONVERSION = YES;
				GCC_WARN_ABOUT_RETURN_TYPE = YES_ERROR;
				GCC_WARN_UNDECLARED_SELECTOR = YES;
				GCC_WARN_UNINITIALIZED_AUTOS = YES_AGGRESSIVE;
				GCC_WARN_UNUSED_FUNCTION = YES;
				GCC_WARN_UNUSED_VARIABLE = YES;
				IPHONEOS_DEPLOYMENT_TARGET = 18.2;
				LOCALIZATION_PREFERS_STRING_CATALOGS = YES;
				MTL_ENABLE_DEBUG_INFO = NO;
				MTL_FAST_MATH = YES;
				SDKROOT = iphoneos;
				SWIFT_COMPILATION_MODE = wholemodule;
				VALIDATE_PRODUCT = YES;
			};
			name = Release;
		};
		C35D5C772D2D1DE9007905C9 /* Debug */ = {
			isa = XCBuildConfiguration;
			buildSettings = {
				ASSETCATALOG_COMPILER_APPICON_NAME = AppIcon;
				ASSETCATALOG_COMPILER_GLOBAL_ACCENT_COLOR_NAME = AccentColor;
				CODE_SIGN_STYLE = Automatic;
				CURRENT_PROJECT_VERSION = 1;
				DEVELOPMENT_ASSET_PATHS = "\"SoloCastApp/Preview Content\"";
				ENABLE_PREVIEWS = YES;
				GENERATE_INFOPLIST_FILE = YES;
				INFOPLIST_KEY_UIApplicationSceneManifest_Generation = YES;
				INFOPLIST_KEY_UIApplicationSupportsIndirectInputEvents = YES;
				INFOPLIST_KEY_UILaunchScreen_Generation = YES;
				INFOPLIST_KEY_UILaunchStoryboardName = LaunchScreen;
				INFOPLIST_KEY_UISupportedInterfaceOrientations_iPad = "UIInterfaceOrientationPortrait UIInterfaceOrientationPortraitUpsideDown UIInterfaceOrientationLandscapeLeft UIInterfaceOrientationLandscapeRight";
				INFOPLIST_KEY_UISupportedInterfaceOrientations_iPhone = "UIInterfaceOrientationPortrait UIInterfaceOrientationLandscapeLeft UIInterfaceOrientationLandscapeRight";
				LD_RUNPATH_SEARCH_PATHS = (
					"$(inherited)",
					"@executable_path/Frameworks",
				);
				MARKETING_VERSION = 1.0;
				PRODUCT_BUNDLE_IDENTIFIER = "Solo-Orbit.SoloCastApp";
				PRODUCT_NAME = "$(TARGET_NAME)";
				SWIFT_EMIT_LOC_STRINGS = YES;
				SWIFT_VERSION = 5.0;
				TARGETED_DEVICE_FAMILY = "1,2";
			};
			name = Debug;
		};
		C35D5C782D2D1DE9007905C9 /* Release */ = {
			isa = XCBuildConfiguration;
			buildSettings = {
				ASSETCATALOG_COMPILER_APPICON_NAME = AppIcon;
				ASSETCATALOG_COMPILER_GLOBAL_ACCENT_COLOR_NAME = AccentColor;
				CODE_SIGN_STYLE = Automatic;
				CURRENT_PROJECT_VERSION = 1;
				DEVELOPMENT_ASSET_PATHS = "\"SoloCastApp/Preview Content\"";
				ENABLE_PREVIEWS = YES;
				GENERATE_INFOPLIST_FILE = YES;
				INFOPLIST_KEY_UIApplicationSceneManifest_Generation = YES;
				INFOPLIST_KEY_UIApplicationSupportsIndirectInputEvents = YES;
				INFOPLIST_KEY_UILaunchScreen_Generation = YES;
				INFOPLIST_KEY_UILaunchStoryboardName = LaunchScreen;
				INFOPLIST_KEY_UISupportedInterfaceOrientations_iPad = "UIInterfaceOrientationPortrait UIInterfaceOrientationPortraitUpsideDown UIInterfaceOrientationLandscapeLeft UIInterfaceOrientationLandscapeRight";
				INFOPLIST_KEY_UISupportedInterfaceOrientations_iPhone = "UIInterfaceOrientationPortrait UIInterfaceOrientationLandscapeLeft UIInterfaceOrientationLandscapeRight";
				LD_RUNPATH_SEARCH_PATHS = (
					"$(inherited)",
					"@executable_path/Frameworks",
				);
				MARKETING_VERSION = 1.0;
				PRODUCT_BUNDLE_IDENTIFIER = "Solo-Orbit.SoloCastApp";
				PRODUCT_NAME = "$(TARGET_NAME)";
				SWIFT_EMIT_LOC_STRINGS = YES;
				SWIFT_VERSION = 5.0;
				TARGETED_DEVICE_FAMILY = "1,2";
			};
			name = Release;
		};
		C35D5C7A2D2D1DE9007905C9 /* Debug */ = {
			isa = XCBuildConfiguration;
			buildSettings = {
				BUNDLE_LOADER = "$(TEST_HOST)";
				CODE_SIGN_STYLE = Automatic;
				CURRENT_PROJECT_VERSION = 1;
				GENERATE_INFOPLIST_FILE = YES;
				IPHONEOS_DEPLOYMENT_TARGET = 18.2;
				MARKETING_VERSION = 1.0;
				PRODUCT_BUNDLE_IDENTIFIER = "Solo-Orbit.SoloCastAppTests";
				PRODUCT_NAME = "$(TARGET_NAME)";
				SWIFT_EMIT_LOC_STRINGS = NO;
				SWIFT_VERSION = 5.0;
				TARGETED_DEVICE_FAMILY = "1,2";
				TEST_HOST = "$(BUILT_PRODUCTS_DIR)/SoloCastApp.app/$(BUNDLE_EXECUTABLE_FOLDER_PATH)/SoloCastApp";
			};
			name = Debug;
		};
		C35D5C7B2D2D1DE9007905C9 /* Release */ = {
			isa = XCBuildConfiguration;
			buildSettings = {
				BUNDLE_LOADER = "$(TEST_HOST)";
				CODE_SIGN_STYLE = Automatic;
				CURRENT_PROJECT_VERSION = 1;
				GENERATE_INFOPLIST_FILE = YES;
				IPHONEOS_DEPLOYMENT_TARGET = 18.2;
				MARKETING_VERSION = 1.0;
				PRODUCT_BUNDLE_IDENTIFIER = "Solo-Orbit.SoloCastAppTests";
				PRODUCT_NAME = "$(TARGET_NAME)";
				SWIFT_EMIT_LOC_STRINGS = NO;
				SWIFT_VERSION = 5.0;
				TARGETED_DEVICE_FAMILY = "1,2";
				TEST_HOST = "$(BUILT_PRODUCTS_DIR)/SoloCastApp.app/$(BUNDLE_EXECUTABLE_FOLDER_PATH)/SoloCastApp";
			};
			name = Release;
		};
		C35D5C7D2D2D1DE9007905C9 /* Debug */ = {
			isa = XCBuildConfiguration;
			buildSettings = {
				CODE_SIGN_STYLE = Automatic;
				CURRENT_PROJECT_VERSION = 1;
				GENERATE_INFOPLIST_FILE = YES;
				MARKETING_VERSION = 1.0;
				PRODUCT_BUNDLE_IDENTIFIER = "Solo-Orbit.SoloCastAppUITests";
				PRODUCT_NAME = "$(TARGET_NAME)";
				SWIFT_EMIT_LOC_STRINGS = NO;
				SWIFT_VERSION = 5.0;
				TARGETED_DEVICE_FAMILY = "1,2";
				TEST_TARGET_NAME = SoloCastApp;
			};
			name = Debug;
		};
		C35D5C7E2D2D1DE9007905C9 /* Release */ = {
			isa = XCBuildConfiguration;
			buildSettings = {
				CODE_SIGN_STYLE = Automatic;
				CURRENT_PROJECT_VERSION = 1;
				GENERATE_INFOPLIST_FILE = YES;
				MARKETING_VERSION = 1.0;
				PRODUCT_BUNDLE_IDENTIFIER = "Solo-Orbit.SoloCastAppUITests";
				PRODUCT_NAME = "$(TARGET_NAME)";
				SWIFT_EMIT_LOC_STRINGS = NO;
				SWIFT_VERSION = 5.0;
				TARGETED_DEVICE_FAMILY = "1,2";
				TEST_TARGET_NAME = SoloCastApp;
			};
			name = Release;
		};
/* End XCBuildConfiguration section */

/* Begin XCConfigurationList section */
		C35D5C4D2D2D1DE8007905C9 /* Build configuration list for PBXProject "SoloCastApp" */ = {
			isa = XCConfigurationList;
			buildConfigurations = (
				C35D5C742D2D1DE9007905C9 /* Debug */,
				C35D5C752D2D1DE9007905C9 /* Release */,
			);
			defaultConfigurationIsVisible = 0;
			defaultConfigurationName = Release;
		};
		C35D5C762D2D1DE9007905C9 /* Build configuration list for PBXNativeTarget "SoloCastApp" */ = {
			isa = XCConfigurationList;
			buildConfigurations = (
				C35D5C772D2D1DE9007905C9 /* Debug */,
				C35D5C782D2D1DE9007905C9 /* Release */,
			);
			defaultConfigurationIsVisible = 0;
			defaultConfigurationName = Release;
		};
		C35D5C792D2D1DE9007905C9 /* Build configuration list for PBXNativeTarget "SoloCastAppTests" */ = {
			isa = XCConfigurationList;
			buildConfigurations = (
				C35D5C7A2D2D1DE9007905C9 /* Debug */,
				C35D5C7B2D2D1DE9007905C9 /* Release */,
			);
			defaultConfigurationIsVisible = 0;
			defaultConfigurationName = Release;
		};
		C35D5C7C2D2D1DE9007905C9 /* Build configuration list for PBXNativeTarget "SoloCastAppUITests" */ = {
			isa = XCConfigurationList;
			buildConfigurations = (
				C35D5C7D2D2D1DE9007905C9 /* Debug */,
				C35D5C7E2D2D1DE9007905C9 /* Release */,
			);
			defaultConfigurationIsVisible = 0;
			defaultConfigurationName = Release;
		};
/* End XCConfigurationList section */
	};
	rootObject = C35D5C4A2D2D1DE8007905C9 /* Project object */;
}
